// !$*UTF8*$!
{
	archiveVersion = 1;
	classes = {
	};
	objectVersion = 50;
	objects = {

/* Begin PBXBuildFile section */
		A7650AF624B2F4D1009B84E5 /* main.c in Sources */ = {isa = PBXBuildFile; fileRef = A7650AF524B2F4D1009B84E5 /* main.c */; };
		A7650B0324B46BD6009B84E5 /* main.c in Sources */ = {isa = PBXBuildFile; fileRef = A7650B0224B46BD6009B84E5 /* main.c */; };
		A7650B0E24B46BEB009B84E5 /* main.c in Sources */ = {isa = PBXBuildFile; fileRef = A7650B0D24B46BEB009B84E5 /* main.c */; };
		A7650B1924B6B0F2009B84E5 /* main.c in Sources */ = {isa = PBXBuildFile; fileRef = A7650B1824B6B0F2009B84E5 /* main.c */; };
		A7650B2424B6BAE4009B84E5 /* main.c in Sources */ = {isa = PBXBuildFile; fileRef = A7650B2324B6BAE4009B84E5 /* main.c */; };
		A7650B2F24B6C8C0009B84E5 /* main.c in Sources */ = {isa = PBXBuildFile; fileRef = A7650B2E24B6C8C0009B84E5 /* main.c */; };
		A7650B3A24B6F16F009B84E5 /* main.c in Sources */ = {isa = PBXBuildFile; fileRef = A7650B3924B6F16F009B84E5 /* main.c */; };
		A7650B4524B6F896009B84E5 /* main.c in Sources */ = {isa = PBXBuildFile; fileRef = A7650B4424B6F896009B84E5 /* main.c */; };
		A7650B5024B7589F009B84E5 /* main.c in Sources */ = {isa = PBXBuildFile; fileRef = A7650B4F24B7589F009B84E5 /* main.c */; };
		A7650B5B24B758C9009B84E5 /* main.c in Sources */ = {isa = PBXBuildFile; fileRef = A7650B5A24B758C9009B84E5 /* main.c */; };
/* End PBXBuildFile section */

/* Begin PBXCopyFilesBuildPhase section */
		A7650AF024B2F4D1009B84E5 /* CopyFiles */ = {
			isa = PBXCopyFilesBuildPhase;
			buildActionMask = 2147483647;
			dstPath = /usr/share/man/man1/;
			dstSubfolderSpec = 0;
			files = (
			);
			runOnlyForDeploymentPostprocessing = 1;
		};
		A7650AFE24B46BD6009B84E5 /* CopyFiles */ = {
			isa = PBXCopyFilesBuildPhase;
			buildActionMask = 2147483647;
			dstPath = /usr/share/man/man1/;
			dstSubfolderSpec = 0;
			files = (
			);
			runOnlyForDeploymentPostprocessing = 1;
		};
		A7650B0924B46BEB009B84E5 /* CopyFiles */ = {
			isa = PBXCopyFilesBuildPhase;
			buildActionMask = 2147483647;
			dstPath = /usr/share/man/man1/;
			dstSubfolderSpec = 0;
			files = (
			);
			runOnlyForDeploymentPostprocessing = 1;
		};
		A7650B1424B6B0F2009B84E5 /* CopyFiles */ = {
			isa = PBXCopyFilesBuildPhase;
			buildActionMask = 2147483647;
			dstPath = /usr/share/man/man1/;
			dstSubfolderSpec = 0;
			files = (
			);
			runOnlyForDeploymentPostprocessing = 1;
		};
		A7650B1F24B6BAE4009B84E5 /* CopyFiles */ = {
			isa = PBXCopyFilesBuildPhase;
			buildActionMask = 2147483647;
			dstPath = /usr/share/man/man1/;
			dstSubfolderSpec = 0;
			files = (
			);
			runOnlyForDeploymentPostprocessing = 1;
		};
		A7650B2A24B6C8C0009B84E5 /* CopyFiles */ = {
			isa = PBXCopyFilesBuildPhase;
			buildActionMask = 2147483647;
			dstPath = /usr/share/man/man1/;
			dstSubfolderSpec = 0;
			files = (
			);
			runOnlyForDeploymentPostprocessing = 1;
		};
		A7650B3524B6F16F009B84E5 /* CopyFiles */ = {
			isa = PBXCopyFilesBuildPhase;
			buildActionMask = 2147483647;
			dstPath = /usr/share/man/man1/;
			dstSubfolderSpec = 0;
			files = (
			);
			runOnlyForDeploymentPostprocessing = 1;
		};
		A7650B4024B6F896009B84E5 /* CopyFiles */ = {
			isa = PBXCopyFilesBuildPhase;
			buildActionMask = 2147483647;
			dstPath = /usr/share/man/man1/;
			dstSubfolderSpec = 0;
			files = (
			);
			runOnlyForDeploymentPostprocessing = 1;
		};
		A7650B4B24B7589F009B84E5 /* CopyFiles */ = {
			isa = PBXCopyFilesBuildPhase;
			buildActionMask = 2147483647;
			dstPath = /usr/share/man/man1/;
			dstSubfolderSpec = 0;
			files = (
			);
			runOnlyForDeploymentPostprocessing = 1;
		};
		A7650B5624B758C9009B84E5 /* CopyFiles */ = {
			isa = PBXCopyFilesBuildPhase;
			buildActionMask = 2147483647;
			dstPath = /usr/share/man/man1/;
			dstSubfolderSpec = 0;
			files = (
			);
			runOnlyForDeploymentPostprocessing = 1;
		};
/* End PBXCopyFilesBuildPhase section */

/* Begin PBXFileReference section */
		A7650AF224B2F4D1009B84E5 /* BeakJoon */ = {isa = PBXFileReference; explicitFileType = "compiled.mach-o.executable"; includeInIndex = 0; path = BeakJoon; sourceTree = BUILT_PRODUCTS_DIR; };
		A7650AF524B2F4D1009B84E5 /* main.c */ = {isa = PBXFileReference; lastKnownFileType = sourcecode.c.c; path = main.c; sourceTree = "<group>"; };
		A7650B0024B46BD6009B84E5 /* Star_1 */ = {isa = PBXFileReference; explicitFileType = "compiled.mach-o.executable"; includeInIndex = 0; path = Star_1; sourceTree = BUILT_PRODUCTS_DIR; };
		A7650B0224B46BD6009B84E5 /* main.c */ = {isa = PBXFileReference; lastKnownFileType = sourcecode.c.c; path = main.c; sourceTree = "<group>"; };
		A7650B0B24B46BEB009B84E5 /* Star_2 */ = {isa = PBXFileReference; explicitFileType = "compiled.mach-o.executable"; includeInIndex = 0; path = Star_2; sourceTree = BUILT_PRODUCTS_DIR; };
		A7650B0D24B46BEB009B84E5 /* main.c */ = {isa = PBXFileReference; lastKnownFileType = sourcecode.c.c; path = main.c; sourceTree = "<group>"; };
		A7650B1624B6B0F2009B84E5 /* self_number */ = {isa = PBXFileReference; explicitFileType = "compiled.mach-o.executable"; includeInIndex = 0; path = self_number; sourceTree = BUILT_PRODUCTS_DIR; };
		A7650B1824B6B0F2009B84E5 /* main.c */ = {isa = PBXFileReference; lastKnownFileType = sourcecode.c.c; path = main.c; sourceTree = "<group>"; };
		A7650B2124B6BAE4009B84E5 /* hanNum */ = {isa = PBXFileReference; explicitFileType = "compiled.mach-o.executable"; includeInIndex = 0; path = hanNum; sourceTree = BUILT_PRODUCTS_DIR; };
		A7650B2324B6BAE4009B84E5 /* main.c */ = {isa = PBXFileReference; lastKnownFileType = sourcecode.c.c; path = main.c; sourceTree = "<group>"; };
		A7650B2C24B6C8C0009B84E5 /* N11720 */ = {isa = PBXFileReference; explicitFileType = "compiled.mach-o.executable"; includeInIndex = 0; path = N11720; sourceTree = BUILT_PRODUCTS_DIR; };
		A7650B2E24B6C8C0009B84E5 /* main.c */ = {isa = PBXFileReference; lastKnownFileType = sourcecode.c.c; path = main.c; sourceTree = "<group>"; };
		A7650B3724B6F16F009B84E5 /* N1152 */ = {isa = PBXFileReference; explicitFileType = "compiled.mach-o.executable"; includeInIndex = 0; path = N1152; sourceTree = BUILT_PRODUCTS_DIR; };
		A7650B3924B6F16F009B84E5 /* main.c */ = {isa = PBXFileReference; lastKnownFileType = sourcecode.c.c; path = main.c; sourceTree = "<group>"; };
		A7650B4224B6F896009B84E5 /* N2908 */ = {isa = PBXFileReference; explicitFileType = "compiled.mach-o.executable"; includeInIndex = 0; path = N2908; sourceTree = BUILT_PRODUCTS_DIR; };
		A7650B4424B6F896009B84E5 /* main.c */ = {isa = PBXFileReference; lastKnownFileType = sourcecode.c.c; path = main.c; sourceTree = "<group>"; };
		A7650B4D24B7589F009B84E5 /* N1316 */ = {isa = PBXFileReference; explicitFileType = "compiled.mach-o.executable"; includeInIndex = 0; path = N1316; sourceTree = BUILT_PRODUCTS_DIR; };
		A7650B4F24B7589F009B84E5 /* main.c */ = {isa = PBXFileReference; lastKnownFileType = sourcecode.c.c; path = main.c; sourceTree = "<group>"; };
		A7650B5824B758C9009B84E5 /* N2941 */ = {isa = PBXFileReference; explicitFileType = "compiled.mach-o.executable"; includeInIndex = 0; path = N2941; sourceTree = BUILT_PRODUCTS_DIR; };
		A7650B5A24B758C9009B84E5 /* main.c */ = {isa = PBXFileReference; lastKnownFileType = sourcecode.c.c; path = main.c; sourceTree = "<group>"; };
/* End PBXFileReference section */

/* Begin PBXFrameworksBuildPhase section */
		A7650AEF24B2F4D1009B84E5 /* Frameworks */ = {
			isa = PBXFrameworksBuildPhase;
			buildActionMask = 2147483647;
			files = (
			);
			runOnlyForDeploymentPostprocessing = 0;
		};
		A7650AFD24B46BD6009B84E5 /* Frameworks */ = {
			isa = PBXFrameworksBuildPhase;
			buildActionMask = 2147483647;
			files = (
			);
			runOnlyForDeploymentPostprocessing = 0;
		};
		A7650B0824B46BEB009B84E5 /* Frameworks */ = {
			isa = PBXFrameworksBuildPhase;
			buildActionMask = 2147483647;
			files = (
			);
			runOnlyForDeploymentPostprocessing = 0;
		};
		A7650B1324B6B0F2009B84E5 /* Frameworks */ = {
			isa = PBXFrameworksBuildPhase;
			buildActionMask = 2147483647;
			files = (
			);
			runOnlyForDeploymentPostprocessing = 0;
		};
		A7650B1E24B6BAE4009B84E5 /* Frameworks */ = {
			isa = PBXFrameworksBuildPhase;
			buildActionMask = 2147483647;
			files = (
			);
			runOnlyForDeploymentPostprocessing = 0;
		};
		A7650B2924B6C8C0009B84E5 /* Frameworks */ = {
			isa = PBXFrameworksBuildPhase;
			buildActionMask = 2147483647;
			files = (
			);
			runOnlyForDeploymentPostprocessing = 0;
		};
		A7650B3424B6F16F009B84E5 /* Frameworks */ = {
			isa = PBXFrameworksBuildPhase;
			buildActionMask = 2147483647;
			files = (
			);
			runOnlyForDeploymentPostprocessing = 0;
		};
		A7650B3F24B6F896009B84E5 /* Frameworks */ = {
			isa = PBXFrameworksBuildPhase;
			buildActionMask = 2147483647;
			files = (
			);
			runOnlyForDeploymentPostprocessing = 0;
		};
		A7650B4A24B7589F009B84E5 /* Frameworks */ = {
			isa = PBXFrameworksBuildPhase;
			buildActionMask = 2147483647;
			files = (
			);
			runOnlyForDeploymentPostprocessing = 0;
		};
		A7650B5524B758C9009B84E5 /* Frameworks */ = {
			isa = PBXFrameworksBuildPhase;
			buildActionMask = 2147483647;
			files = (
			);
			runOnlyForDeploymentPostprocessing = 0;
		};
/* End PBXFrameworksBuildPhase section */

/* Begin PBXGroup section */
		A7650AE924B2F4D1009B84E5 = {
			isa = PBXGroup;
			children = (
				A7650AF424B2F4D1009B84E5 /* BeakJoon */,
				A7650B0124B46BD6009B84E5 /* Star_1 */,
				A7650B0C24B46BEB009B84E5 /* Star_2 */,
				A7650B1724B6B0F2009B84E5 /* self_number */,
				A7650B2224B6BAE4009B84E5 /* hanNum */,
				A7650B2D24B6C8C0009B84E5 /* N11720 */,
				A7650B3824B6F16F009B84E5 /* N1152 */,
				A7650B4324B6F896009B84E5 /* N2908 */,
				A7650B4E24B7589F009B84E5 /* N1316 */,
				A7650B5924B758C9009B84E5 /* N2941 */,
				A7650AF324B2F4D1009B84E5 /* Products */,
			);
			sourceTree = "<group>";
		};
		A7650AF324B2F4D1009B84E5 /* Products */ = {
			isa = PBXGroup;
			children = (
				A7650AF224B2F4D1009B84E5 /* BeakJoon */,
				A7650B0024B46BD6009B84E5 /* Star_1 */,
				A7650B0B24B46BEB009B84E5 /* Star_2 */,
				A7650B1624B6B0F2009B84E5 /* self_number */,
				A7650B2124B6BAE4009B84E5 /* hanNum */,
				A7650B2C24B6C8C0009B84E5 /* N11720 */,
				A7650B3724B6F16F009B84E5 /* N1152 */,
				A7650B4224B6F896009B84E5 /* N2908 */,
				A7650B4D24B7589F009B84E5 /* N1316 */,
				A7650B5824B758C9009B84E5 /* N2941 */,
			);
			name = Products;
			sourceTree = "<group>";
		};
		A7650AF424B2F4D1009B84E5 /* BeakJoon */ = {
			isa = PBXGroup;
			children = (
				A7650AF524B2F4D1009B84E5 /* main.c */,
			);
			path = BeakJoon;
			sourceTree = "<group>";
		};
		A7650B0124B46BD6009B84E5 /* Star_1 */ = {
			isa = PBXGroup;
			children = (
				A7650B0224B46BD6009B84E5 /* main.c */,
			);
			path = Star_1;
			sourceTree = "<group>";
		};
		A7650B0C24B46BEB009B84E5 /* Star_2 */ = {
			isa = PBXGroup;
			children = (
				A7650B0D24B46BEB009B84E5 /* main.c */,
			);
			path = Star_2;
			sourceTree = "<group>";
		};
		A7650B1724B6B0F2009B84E5 /* self_number */ = {
			isa = PBXGroup;
			children = (
				A7650B1824B6B0F2009B84E5 /* main.c */,
			);
			path = self_number;
			sourceTree = "<group>";
		};
		A7650B2224B6BAE4009B84E5 /* hanNum */ = {
			isa = PBXGroup;
			children = (
				A7650B2324B6BAE4009B84E5 /* main.c */,
			);
			path = hanNum;
			sourceTree = "<group>";
		};
		A7650B2D24B6C8C0009B84E5 /* N11720 */ = {
			isa = PBXGroup;
			children = (
				A7650B2E24B6C8C0009B84E5 /* main.c */,
			);
			path = N11720;
			sourceTree = "<group>";
		};
		A7650B3824B6F16F009B84E5 /* N1152 */ = {
			isa = PBXGroup;
			children = (
				A7650B3924B6F16F009B84E5 /* main.c */,
			);
			path = N1152;
			sourceTree = "<group>";
		};
		A7650B4324B6F896009B84E5 /* N2908 */ = {
			isa = PBXGroup;
			children = (
				A7650B4424B6F896009B84E5 /* main.c */,
			);
			path = N2908;
			sourceTree = "<group>";
		};
		A7650B4E24B7589F009B84E5 /* N1316 */ = {
			isa = PBXGroup;
			children = (
				A7650B4F24B7589F009B84E5 /* main.c */,
			);
			path = N1316;
			sourceTree = "<group>";
		};
		A7650B5924B758C9009B84E5 /* N2941 */ = {
			isa = PBXGroup;
			children = (
				A7650B5A24B758C9009B84E5 /* main.c */,
			);
			path = N2941;
			sourceTree = "<group>";
		};
/* End PBXGroup section */

/* Begin PBXNativeTarget section */
		A7650AF124B2F4D1009B84E5 /* BeakJoon */ = {
			isa = PBXNativeTarget;
			buildConfigurationList = A7650AF924B2F4D1009B84E5 /* Build configuration list for PBXNativeTarget "BeakJoon" */;
			buildPhases = (
				A7650AEE24B2F4D1009B84E5 /* Sources */,
				A7650AEF24B2F4D1009B84E5 /* Frameworks */,
				A7650AF024B2F4D1009B84E5 /* CopyFiles */,
			);
			buildRules = (
			);
			dependencies = (
			);
			name = BeakJoon;
			productName = BeakJoon;
			productReference = A7650AF224B2F4D1009B84E5 /* BeakJoon */;
			productType = "com.apple.product-type.tool";
		};
		A7650AFF24B46BD6009B84E5 /* Star_1 */ = {
			isa = PBXNativeTarget;
			buildConfigurationList = A7650B0624B46BD6009B84E5 /* Build configuration list for PBXNativeTarget "Star_1" */;
			buildPhases = (
				A7650AFC24B46BD6009B84E5 /* Sources */,
				A7650AFD24B46BD6009B84E5 /* Frameworks */,
				A7650AFE24B46BD6009B84E5 /* CopyFiles */,
			);
			buildRules = (
			);
			dependencies = (
			);
			name = Star_1;
			productName = Star_1;
			productReference = A7650B0024B46BD6009B84E5 /* Star_1 */;
			productType = "com.apple.product-type.tool";
		};
		A7650B0A24B46BEB009B84E5 /* Star_2 */ = {
			isa = PBXNativeTarget;
			buildConfigurationList = A7650B0F24B46BEB009B84E5 /* Build configuration list for PBXNativeTarget "Star_2" */;
			buildPhases = (
				A7650B0724B46BEB009B84E5 /* Sources */,
				A7650B0824B46BEB009B84E5 /* Frameworks */,
				A7650B0924B46BEB009B84E5 /* CopyFiles */,
			);
			buildRules = (
			);
			dependencies = (
			);
			name = Star_2;
			productName = Star_2;
			productReference = A7650B0B24B46BEB009B84E5 /* Star_2 */;
			productType = "com.apple.product-type.tool";
		};
		A7650B1524B6B0F2009B84E5 /* self_number */ = {
			isa = PBXNativeTarget;
			buildConfigurationList = A7650B1C24B6B0F2009B84E5 /* Build configuration list for PBXNativeTarget "self_number" */;
			buildPhases = (
				A7650B1224B6B0F2009B84E5 /* Sources */,
				A7650B1324B6B0F2009B84E5 /* Frameworks */,
				A7650B1424B6B0F2009B84E5 /* CopyFiles */,
			);
			buildRules = (
			);
			dependencies = (
			);
			name = self_number;
			productName = self_number;
			productReference = A7650B1624B6B0F2009B84E5 /* self_number */;
			productType = "com.apple.product-type.tool";
		};
		A7650B2024B6BAE4009B84E5 /* hanNum */ = {
			isa = PBXNativeTarget;
			buildConfigurationList = A7650B2524B6BAE4009B84E5 /* Build configuration list for PBXNativeTarget "hanNum" */;
			buildPhases = (
				A7650B1D24B6BAE4009B84E5 /* Sources */,
				A7650B1E24B6BAE4009B84E5 /* Frameworks */,
				A7650B1F24B6BAE4009B84E5 /* CopyFiles */,
			);
			buildRules = (
			);
			dependencies = (
			);
			name = hanNum;
			productName = hanNum;
			productReference = A7650B2124B6BAE4009B84E5 /* hanNum */;
			productType = "com.apple.product-type.tool";
		};
		A7650B2B24B6C8C0009B84E5 /* N11720 */ = {
			isa = PBXNativeTarget;
			buildConfigurationList = A7650B3024B6C8C0009B84E5 /* Build configuration list for PBXNativeTarget "N11720" */;
			buildPhases = (
				A7650B2824B6C8C0009B84E5 /* Sources */,
				A7650B2924B6C8C0009B84E5 /* Frameworks */,
				A7650B2A24B6C8C0009B84E5 /* CopyFiles */,
			);
			buildRules = (
			);
			dependencies = (
			);
			name = N11720;
			productName = N11720;
			productReference = A7650B2C24B6C8C0009B84E5 /* N11720 */;
			productType = "com.apple.product-type.tool";
		};
		A7650B3624B6F16F009B84E5 /* N1152 */ = {
			isa = PBXNativeTarget;
			buildConfigurationList = A7650B3B24B6F16F009B84E5 /* Build configuration list for PBXNativeTarget "N1152" */;
			buildPhases = (
				A7650B3324B6F16F009B84E5 /* Sources */,
				A7650B3424B6F16F009B84E5 /* Frameworks */,
				A7650B3524B6F16F009B84E5 /* CopyFiles */,
			);
			buildRules = (
			);
			dependencies = (
			);
			name = N1152;
			productName = N1152;
			productReference = A7650B3724B6F16F009B84E5 /* N1152 */;
			productType = "com.apple.product-type.tool";
		};
		A7650B4124B6F896009B84E5 /* N2908 */ = {
			isa = PBXNativeTarget;
			buildConfigurationList = A7650B4624B6F896009B84E5 /* Build configuration list for PBXNativeTarget "N2908" */;
			buildPhases = (
				A7650B3E24B6F896009B84E5 /* Sources */,
				A7650B3F24B6F896009B84E5 /* Frameworks */,
				A7650B4024B6F896009B84E5 /* CopyFiles */,
			);
			buildRules = (
			);
			dependencies = (
			);
			name = N2908;
			productName = N2908;
			productReference = A7650B4224B6F896009B84E5 /* N2908 */;
			productType = "com.apple.product-type.tool";
		};
		A7650B4C24B7589F009B84E5 /* N1316 */ = {
			isa = PBXNativeTarget;
			buildConfigurationList = A7650B5124B7589F009B84E5 /* Build configuration list for PBXNativeTarget "N1316" */;
			buildPhases = (
				A7650B4924B7589F009B84E5 /* Sources */,
				A7650B4A24B7589F009B84E5 /* Frameworks */,
				A7650B4B24B7589F009B84E5 /* CopyFiles */,
			);
			buildRules = (
			);
			dependencies = (
			);
			name = N1316;
			productName = N1316;
			productReference = A7650B4D24B7589F009B84E5 /* N1316 */;
			productType = "com.apple.product-type.tool";
		};
		A7650B5724B758C9009B84E5 /* N2941 */ = {
			isa = PBXNativeTarget;
			buildConfigurationList = A7650B5C24B758C9009B84E5 /* Build configuration list for PBXNativeTarget "N2941" */;
			buildPhases = (
				A7650B5424B758C9009B84E5 /* Sources */,
				A7650B5524B758C9009B84E5 /* Frameworks */,
				A7650B5624B758C9009B84E5 /* CopyFiles */,
			);
			buildRules = (
			);
			dependencies = (
			);
			name = N2941;
			productName = N2941;
			productReference = A7650B5824B758C9009B84E5 /* N2941 */;
			productType = "com.apple.product-type.tool";
		};
/* End PBXNativeTarget section */

/* Begin PBXProject section */
		A7650AEA24B2F4D1009B84E5 /* Project object */ = {
			isa = PBXProject;
			attributes = {
				LastUpgradeCheck = 1150;
				ORGANIZATIONNAME = "James Choi";
				TargetAttributes = {
					A7650AF124B2F4D1009B84E5 = {
						CreatedOnToolsVersion = 11.5;
					};
					A7650AFF24B46BD6009B84E5 = {
						CreatedOnToolsVersion = 11.5;
					};
					A7650B0A24B46BEB009B84E5 = {
						CreatedOnToolsVersion = 11.5;
					};
					A7650B1524B6B0F2009B84E5 = {
						CreatedOnToolsVersion = 11.5;
					};
					A7650B2024B6BAE4009B84E5 = {
						CreatedOnToolsVersion = 11.5;
					};
					A7650B2B24B6C8C0009B84E5 = {
						CreatedOnToolsVersion = 11.5;
					};
					A7650B3624B6F16F009B84E5 = {
						CreatedOnToolsVersion = 11.5;
					};
					A7650B4124B6F896009B84E5 = {
						CreatedOnToolsVersion = 11.5;
					};
					A7650B4C24B7589F009B84E5 = {
						CreatedOnToolsVersion = 11.5;
					};
					A7650B5724B758C9009B84E5 = {
						CreatedOnToolsVersion = 11.5;
					};
				};
			};
			buildConfigurationList = A7650AED24B2F4D1009B84E5 /* Build configuration list for PBXProject "BeakJoon" */;
			compatibilityVersion = "Xcode 9.3";
			developmentRegion = en;
			hasScannedForEncodings = 0;
			knownRegions = (
				en,
				Base,
			);
			mainGroup = A7650AE924B2F4D1009B84E5;
			productRefGroup = A7650AF324B2F4D1009B84E5 /* Products */;
			projectDirPath = "";
			projectRoot = "";
			targets = (
				A7650AF124B2F4D1009B84E5 /* BeakJoon */,
				A7650AFF24B46BD6009B84E5 /* Star_1 */,
				A7650B0A24B46BEB009B84E5 /* Star_2 */,
				A7650B1524B6B0F2009B84E5 /* self_number */,
				A7650B2024B6BAE4009B84E5 /* hanNum */,
				A7650B2B24B6C8C0009B84E5 /* N11720 */,
				A7650B3624B6F16F009B84E5 /* N1152 */,
				A7650B4124B6F896009B84E5 /* N2908 */,
				A7650B4C24B7589F009B84E5 /* N1316 */,
				A7650B5724B758C9009B84E5 /* N2941 */,
			);
		};
/* End PBXProject section */

/* Begin PBXSourcesBuildPhase section */
		A7650AEE24B2F4D1009B84E5 /* Sources */ = {
			isa = PBXSourcesBuildPhase;
			buildActionMask = 2147483647;
			files = (
				A7650AF624B2F4D1009B84E5 /* main.c in Sources */,
			);
			runOnlyForDeploymentPostprocessing = 0;
		};
		A7650AFC24B46BD6009B84E5 /* Sources */ = {
			isa = PBXSourcesBuildPhase;
			buildActionMask = 2147483647;
			files = (
				A7650B0324B46BD6009B84E5 /* main.c in Sources */,
			);
			runOnlyForDeploymentPostprocessing = 0;
		};
		A7650B0724B46BEB009B84E5 /* Sources */ = {
			isa = PBXSourcesBuildPhase;
			buildActionMask = 2147483647;
			files = (
				A7650B0E24B46BEB009B84E5 /* main.c in Sources */,
			);
			runOnlyForDeploymentPostprocessing = 0;
		};
		A7650B1224B6B0F2009B84E5 /* Sources */ = {
			isa = PBXSourcesBuildPhase;
			buildActionMask = 2147483647;
			files = (
				A7650B1924B6B0F2009B84E5 /* main.c in Sources */,
			);
			runOnlyForDeploymentPostprocessing = 0;
		};
		A7650B1D24B6BAE4009B84E5 /* Sources */ = {
			isa = PBXSourcesBuildPhase;
			buildActionMask = 2147483647;
			files = (
				A7650B2424B6BAE4009B84E5 /* main.c in Sources */,
			);
			runOnlyForDeploymentPostprocessing = 0;
		};
		A7650B2824B6C8C0009B84E5 /* Sources */ = {
			isa = PBXSourcesBuildPhase;
			buildActionMask = 2147483647;
			files = (
				A7650B2F24B6C8C0009B84E5 /* main.c in Sources */,
			);
			runOnlyForDeploymentPostprocessing = 0;
		};
		A7650B3324B6F16F009B84E5 /* Sources */ = {
			isa = PBXSourcesBuildPhase;
			buildActionMask = 2147483647;
			files = (
				A7650B3A24B6F16F009B84E5 /* main.c in Sources */,
			);
			runOnlyForDeploymentPostprocessing = 0;
		};
		A7650B3E24B6F896009B84E5 /* Sources */ = {
			isa = PBXSourcesBuildPhase;
			buildActionMask = 2147483647;
			files = (
				A7650B4524B6F896009B84E5 /* main.c in Sources */,
			);
			runOnlyForDeploymentPostprocessing = 0;
		};
		A7650B4924B7589F009B84E5 /* Sources */ = {
			isa = PBXSourcesBuildPhase;
			buildActionMask = 2147483647;
			files = (
				A7650B5024B7589F009B84E5 /* main.c in Sources */,
			);
			runOnlyForDeploymentPostprocessing = 0;
		};
		A7650B5424B758C9009B84E5 /* Sources */ = {
			isa = PBXSourcesBuildPhase;
			buildActionMask = 2147483647;
			files = (
				A7650B5B24B758C9009B84E5 /* main.c in Sources */,
			);
			runOnlyForDeploymentPostprocessing = 0;
		};
/* End PBXSourcesBuildPhase section */

/* Begin XCBuildConfiguration section */
		A7650AF724B2F4D1009B84E5 /* Debug */ = {
			isa = XCBuildConfiguration;
			buildSettings = {
				ALWAYS_SEARCH_USER_PATHS = NO;
				CLANG_ANALYZER_NONNULL = YES;
				CLANG_ANALYZER_NUMBER_OBJECT_CONVERSION = YES_AGGRESSIVE;
				CLANG_CXX_LANGUAGE_STANDARD = "gnu++14";
				CLANG_CXX_LIBRARY = "libc++";
				CLANG_ENABLE_MODULES = YES;
				CLANG_ENABLE_OBJC_ARC = YES;
				CLANG_ENABLE_OBJC_WEAK = YES;
				CLANG_WARN_BLOCK_CAPTURE_AUTORELEASING = YES;
				CLANG_WARN_BOOL_CONVERSION = YES;
				CLANG_WARN_COMMA = YES;
				CLANG_WARN_CONSTANT_CONVERSION = YES;
				CLANG_WARN_DEPRECATED_OBJC_IMPLEMENTATIONS = YES;
				CLANG_WARN_DIRECT_OBJC_ISA_USAGE = YES_ERROR;
				CLANG_WARN_DOCUMENTATION_COMMENTS = YES;
				CLANG_WARN_EMPTY_BODY = YES;
				CLANG_WARN_ENUM_CONVERSION = YES;
				CLANG_WARN_INFINITE_RECURSION = YES;
				CLANG_WARN_INT_CONVERSION = YES;
				CLANG_WARN_NON_LITERAL_NULL_CONVERSION = YES;
				CLANG_WARN_OBJC_IMPLICIT_RETAIN_SELF = YES;
				CLANG_WARN_OBJC_LITERAL_CONVERSION = YES;
				CLANG_WARN_OBJC_ROOT_CLASS = YES_ERROR;
				CLANG_WARN_RANGE_LOOP_ANALYSIS = YES;
				CLANG_WARN_STRICT_PROTOTYPES = YES;
				CLANG_WARN_SUSPICIOUS_MOVE = YES;
				CLANG_WARN_UNGUARDED_AVAILABILITY = YES_AGGRESSIVE;
				CLANG_WARN_UNREACHABLE_CODE = YES;
				CLANG_WARN__DUPLICATE_METHOD_MATCH = YES;
				COPY_PHASE_STRIP = NO;
				DEBUG_INFORMATION_FORMAT = dwarf;
				ENABLE_STRICT_OBJC_MSGSEND = YES;
				ENABLE_TESTABILITY = YES;
				GCC_C_LANGUAGE_STANDARD = gnu11;
				GCC_DYNAMIC_NO_PIC = NO;
				GCC_NO_COMMON_BLOCKS = YES;
				GCC_OPTIMIZATION_LEVEL = 0;
				GCC_PREPROCESSOR_DEFINITIONS = (
					"DEBUG=1",
					"$(inherited)",
				);
				GCC_WARN_64_TO_32_BIT_CONVERSION = YES;
				GCC_WARN_ABOUT_RETURN_TYPE = YES_ERROR;
				GCC_WARN_UNDECLARED_SELECTOR = YES;
				GCC_WARN_UNINITIALIZED_AUTOS = YES_AGGRESSIVE;
				GCC_WARN_UNUSED_FUNCTION = YES;
				GCC_WARN_UNUSED_VARIABLE = YES;
				MACOSX_DEPLOYMENT_TARGET = 10.15;
				MTL_ENABLE_DEBUG_INFO = INCLUDE_SOURCE;
				MTL_FAST_MATH = YES;
				ONLY_ACTIVE_ARCH = YES;
				SDKROOT = macosx;
			};
			name = Debug;
		};
		A7650AF824B2F4D1009B84E5 /* Release */ = {
			isa = XCBuildConfiguration;
			buildSettings = {
				ALWAYS_SEARCH_USER_PATHS = NO;
				CLANG_ANALYZER_NONNULL = YES;
				CLANG_ANALYZER_NUMBER_OBJECT_CONVERSION = YES_AGGRESSIVE;
				CLANG_CXX_LANGUAGE_STANDARD = "gnu++14";
				CLANG_CXX_LIBRARY = "libc++";
				CLANG_ENABLE_MODULES = YES;
				CLANG_ENABLE_OBJC_ARC = YES;
				CLANG_ENABLE_OBJC_WEAK = YES;
				CLANG_WARN_BLOCK_CAPTURE_AUTORELEASING = YES;
				CLANG_WARN_BOOL_CONVERSION = YES;
				CLANG_WARN_COMMA = YES;
				CLANG_WARN_CONSTANT_CONVERSION = YES;
				CLANG_WARN_DEPRECATED_OBJC_IMPLEMENTATIONS = YES;
				CLANG_WARN_DIRECT_OBJC_ISA_USAGE = YES_ERROR;
				CLANG_WARN_DOCUMENTATION_COMMENTS = YES;
				CLANG_WARN_EMPTY_BODY = YES;
				CLANG_WARN_ENUM_CONVERSION = YES;
				CLANG_WARN_INFINITE_RECURSION = YES;
				CLANG_WARN_INT_CONVERSION = YES;
				CLANG_WARN_NON_LITERAL_NULL_CONVERSION = YES;
				CLANG_WARN_OBJC_IMPLICIT_RETAIN_SELF = YES;
				CLANG_WARN_OBJC_LITERAL_CONVERSION = YES;
				CLANG_WARN_OBJC_ROOT_CLASS = YES_ERROR;
				CLANG_WARN_RANGE_LOOP_ANALYSIS = YES;
				CLANG_WARN_STRICT_PROTOTYPES = YES;
				CLANG_WARN_SUSPICIOUS_MOVE = YES;
				CLANG_WARN_UNGUARDED_AVAILABILITY = YES_AGGRESSIVE;
				CLANG_WARN_UNREACHABLE_CODE = YES;
				CLANG_WARN__DUPLICATE_METHOD_MATCH = YES;
				COPY_PHASE_STRIP = NO;
				DEBUG_INFORMATION_FORMAT = "dwarf-with-dsym";
				ENABLE_NS_ASSERTIONS = NO;
				ENABLE_STRICT_OBJC_MSGSEND = YES;
				GCC_C_LANGUAGE_STANDARD = gnu11;
				GCC_NO_COMMON_BLOCKS = YES;
				GCC_WARN_64_TO_32_BIT_CONVERSION = YES;
				GCC_WARN_ABOUT_RETURN_TYPE = YES_ERROR;
				GCC_WARN_UNDECLARED_SELECTOR = YES;
				GCC_WARN_UNINITIALIZED_AUTOS = YES_AGGRESSIVE;
				GCC_WARN_UNUSED_FUNCTION = YES;
				GCC_WARN_UNUSED_VARIABLE = YES;
				MACOSX_DEPLOYMENT_TARGET = 10.15;
				MTL_ENABLE_DEBUG_INFO = NO;
				MTL_FAST_MATH = YES;
				SDKROOT = macosx;
			};
			name = Release;
		};
		A7650AFA24B2F4D1009B84E5 /* Debug */ = {
			isa = XCBuildConfiguration;
			buildSettings = {
				CODE_SIGN_STYLE = Automatic;
				PRODUCT_NAME = "$(TARGET_NAME)";
			};
			name = Debug;
		};
		A7650AFB24B2F4D1009B84E5 /* Release */ = {
			isa = XCBuildConfiguration;
			buildSettings = {
				CODE_SIGN_STYLE = Automatic;
				PRODUCT_NAME = "$(TARGET_NAME)";
			};
			name = Release;
		};
		A7650B0424B46BD6009B84E5 /* Debug */ = {
			isa = XCBuildConfiguration;
			buildSettings = {
				CODE_SIGN_STYLE = Automatic;
				PRODUCT_NAME = "$(TARGET_NAME)";
			};
			name = Debug;
		};
		A7650B0524B46BD6009B84E5 /* Release */ = {
			isa = XCBuildConfiguration;
			buildSettings = {
				CODE_SIGN_STYLE = Automatic;
				PRODUCT_NAME = "$(TARGET_NAME)";
			};
			name = Release;
		};
		A7650B1024B46BEB009B84E5 /* Debug */ = {
			isa = XCBuildConfiguration;
			buildSettings = {
				CODE_SIGN_STYLE = Automatic;
				PRODUCT_NAME = "$(TARGET_NAME)";
			};
			name = Debug;
		};
		A7650B1124B46BEB009B84E5 /* Release */ = {
			isa = XCBuildConfiguration;
			buildSettings = {
				CODE_SIGN_STYLE = Automatic;
				PRODUCT_NAME = "$(TARGET_NAME)";
			};
			name = Release;
		};
		A7650B1A24B6B0F2009B84E5 /* Debug */ = {
			isa = XCBuildConfiguration;
			buildSettings = {
				CODE_SIGN_STYLE = Automatic;
				PRODUCT_NAME = "$(TARGET_NAME)";
			};
			name = Debug;
		};
		A7650B1B24B6B0F2009B84E5 /* Release */ = {
			isa = XCBuildConfiguration;
			buildSettings = {
				CODE_SIGN_STYLE = Automatic;
				PRODUCT_NAME = "$(TARGET_NAME)";
			};
			name = Release;
		};
		A7650B2624B6BAE4009B84E5 /* Debug */ = {
			isa = XCBuildConfiguration;
			buildSettings = {
				CODE_SIGN_STYLE = Automatic;
				PRODUCT_NAME = "$(TARGET_NAME)";
			};
			name = Debug;
		};
		A7650B2724B6BAE4009B84E5 /* Release */ = {
			isa = XCBuildConfiguration;
			buildSettings = {
				CODE_SIGN_STYLE = Automatic;
				PRODUCT_NAME = "$(TARGET_NAME)";
			};
			name = Release;
		};
		A7650B3124B6C8C0009B84E5 /* Debug */ = {
			isa = XCBuildConfiguration;
			buildSettings = {
				CODE_SIGN_STYLE = Automatic;
				PRODUCT_NAME = "$(TARGET_NAME)";
			};
			name = Debug;
		};
		A7650B3224B6C8C0009B84E5 /* Release */ = {
			isa = XCBuildConfiguration;
			buildSettings = {
				CODE_SIGN_STYLE = Automatic;
				PRODUCT_NAME = "$(TARGET_NAME)";
			};
			name = Release;
		};
		A7650B3C24B6F16F009B84E5 /* Debug */ = {
			isa = XCBuildConfiguration;
			buildSettings = {
				CODE_SIGN_STYLE = Automatic;
				PRODUCT_NAME = "$(TARGET_NAME)";
			};
			name = Debug;
		};
		A7650B3D24B6F16F009B84E5 /* Release */ = {
			isa = XCBuildConfiguration;
			buildSettings = {
				CODE_SIGN_STYLE = Automatic;
				PRODUCT_NAME = "$(TARGET_NAME)";
			};
			name = Release;
		};
		A7650B4724B6F896009B84E5 /* Debug */ = {
			isa = XCBuildConfiguration;
			buildSettings = {
				CODE_SIGN_STYLE = Automatic;
				PRODUCT_NAME = "$(TARGET_NAME)";
			};
			name = Debug;
		};
		A7650B4824B6F896009B84E5 /* Release */ = {
			isa = XCBuildConfiguration;
			buildSettings = {
				CODE_SIGN_STYLE = Automatic;
				PRODUCT_NAME = "$(TARGET_NAME)";
			};
			name = Release;
		};
		A7650B5224B7589F009B84E5 /* Debug */ = {
			isa = XCBuildConfiguration;
			buildSettings = {
				CODE_SIGN_STYLE = Automatic;
				PRODUCT_NAME = "$(TARGET_NAME)";
			};
			name = Debug;
		};
		A7650B5324B7589F009B84E5 /* Release */ = {
			isa = XCBuildConfiguration;
			buildSettings = {
				CODE_SIGN_STYLE = Automatic;
				PRODUCT_NAME = "$(TARGET_NAME)";
			};
			name = Release;
		};
		A7650B5D24B758C9009B84E5 /* Debug */ = {
			isa = XCBuildConfiguration;
			buildSettings = {
				CODE_SIGN_STYLE = Automatic;
				PRODUCT_NAME = "$(TARGET_NAME)";
			};
			name = Debug;
		};
		A7650B5E24B758C9009B84E5 /* Release */ = {
			isa = XCBuildConfiguration;
			buildSettings = {
				CODE_SIGN_STYLE = Automatic;
				PRODUCT_NAME = "$(TARGET_NAME)";
			};
			name = Release;
		};
/* End XCBuildConfiguration section */

/* Begin XCConfigurationList section */
		A7650AED24B2F4D1009B84E5 /* Build configuration list for PBXProject "BeakJoon" */ = {
			isa = XCConfigurationList;
			buildConfigurations = (
				A7650AF724B2F4D1009B84E5 /* Debug */,
				A7650AF824B2F4D1009B84E5 /* Release */,
			);
			defaultConfigurationIsVisible = 0;
			defaultConfigurationName = Release;
		};
		A7650AF924B2F4D1009B84E5 /* Build configuration list for PBXNativeTarget "BeakJoon" */ = {
			isa = XCConfigurationList;
			buildConfigurations = (
				A7650AFA24B2F4D1009B84E5 /* Debug */,
				A7650AFB24B2F4D1009B84E5 /* Release */,
			);
			defaultConfigurationIsVisible = 0;
			defaultConfigurationName = Release;
		};
		A7650B0624B46BD6009B84E5 /* Build configuration list for PBXNativeTarget "Star_1" */ = {
			isa = XCConfigurationList;
			buildConfigurations = (
				A7650B0424B46BD6009B84E5 /* Debug */,
				A7650B0524B46BD6009B84E5 /* Release */,
			);
			defaultConfigurationIsVisible = 0;
			defaultConfigurationName = Release;
		};
		A7650B0F24B46BEB009B84E5 /* Build configuration list for PBXNativeTarget "Star_2" */ = {
			isa = XCConfigurationList;
			buildConfigurations = (
				A7650B1024B46BEB009B84E5 /* Debug */,
				A7650B1124B46BEB009B84E5 /* Release */,
			);
			defaultConfigurationIsVisible = 0;
			defaultConfigurationName = Release;
		};
		A7650B1C24B6B0F2009B84E5 /* Build configuration list for PBXNativeTarget "self_number" */ = {
			isa = XCConfigurationList;
			buildConfigurations = (
				A7650B1A24B6B0F2009B84E5 /* Debug */,
				A7650B1B24B6B0F2009B84E5 /* Release */,
			);
			defaultConfigurationIsVisible = 0;
			defaultConfigurationName = Release;
		};
		A7650B2524B6BAE4009B84E5 /* Build configuration list for PBXNativeTarget "hanNum" */ = {
			isa = XCConfigurationList;
			buildConfigurations = (
				A7650B2624B6BAE4009B84E5 /* Debug */,
				A7650B2724B6BAE4009B84E5 /* Release */,
			);
			defaultConfigurationIsVisible = 0;
			defaultConfigurationName = Release;
		};
		A7650B3024B6C8C0009B84E5 /* Build configuration list for PBXNativeTarget "N11720" */ = {
			isa = XCConfigurationList;
			buildConfigurations = (
				A7650B3124B6C8C0009B84E5 /* Debug */,
				A7650B3224B6C8C0009B84E5 /* Release */,
			);
			defaultConfigurationIsVisible = 0;
			defaultConfigurationName = Release;
		};
		A7650B3B24B6F16F009B84E5 /* Build configuration list for PBXNativeTarget "N1152" */ = {
			isa = XCConfigurationList;
			buildConfigurations = (
				A7650B3C24B6F16F009B84E5 /* Debug */,
				A7650B3D24B6F16F009B84E5 /* Release */,
			);
			defaultConfigurationIsVisible = 0;
			defaultConfigurationName = Release;
		};
		A7650B4624B6F896009B84E5 /* Build configuration list for PBXNativeTarget "N2908" */ = {
			isa = XCConfigurationList;
			buildConfigurations = (
				A7650B4724B6F896009B84E5 /* Debug */,
				A7650B4824B6F896009B84E5 /* Release */,
			);
			defaultConfigurationIsVisible = 0;
			defaultConfigurationName = Release;
		};
		A7650B5124B7589F009B84E5 /* Build configuration list for PBXNativeTarget "N1316" */ = {
			isa = XCConfigurationList;
			buildConfigurations = (
				A7650B5224B7589F009B84E5 /* Debug */,
				A7650B5324B7589F009B84E5 /* Release */,
			);
			defaultConfigurationIsVisible = 0;
			defaultConfigurationName = Release;
		};
		A7650B5C24B758C9009B84E5 /* Build configuration list for PBXNativeTarget "N2941" */ = {
			isa = XCConfigurationList;
			buildConfigurations = (
				A7650B5D24B758C9009B84E5 /* Debug */,
				A7650B5E24B758C9009B84E5 /* Release */,
			);
			defaultConfigurationIsVisible = 0;
			defaultConfigurationName = Release;
		};
/* End XCConfigurationList section */
	};
	rootObject = A7650AEA24B2F4D1009B84E5 /* Project object */;
}
