// !$*UTF8*$!
{
	archiveVersion = 1;
	classes = {
	};
	objectVersion = 50;
	objects = {

/* Begin PBXBuildFile section */
		A7B342C924B767450087B4FD /* main.cpp in Sources */ = {isa = PBXBuildFile; fileRef = A7B342C824B767450087B4FD /* main.cpp */; };
		A7B342D624B768100087B4FD /* main.cpp in Sources */ = {isa = PBXBuildFile; fileRef = A7B342D524B768100087B4FD /* main.cpp */; };
		A7B342E124B83AE40087B4FD /* main.cpp in Sources */ = {isa = PBXBuildFile; fileRef = A7B342E024B83AE40087B4FD /* main.cpp */; };
		A7B342EC24B8481A0087B4FD /* main.cpp in Sources */ = {isa = PBXBuildFile; fileRef = A7B342EB24B8481A0087B4FD /* main.cpp */; };
		A7B3431424B856570087B4FD /* main.cpp in Sources */ = {isa = PBXBuildFile; fileRef = A7B3431324B856570087B4FD /* main.cpp */; };
		A7B3431C24B85A7D0087B4FD /* main.cpp in Sources */ = {isa = PBXBuildFile; fileRef = A7B3431B24B85A7D0087B4FD /* main.cpp */; };
		A7B3432724BC27070087B4FD /* main.cpp in Sources */ = {isa = PBXBuildFile; fileRef = A7B3432624BC27070087B4FD /* main.cpp */; };
		A7B3433224BC2E9C0087B4FD /* main.cpp in Sources */ = {isa = PBXBuildFile; fileRef = A7B3433124BC2E9C0087B4FD /* main.cpp */; };
/* End PBXBuildFile section */

/* Begin PBXCopyFilesBuildPhase section */
		A7B342C324B767440087B4FD /* CopyFiles */ = {
			isa = PBXCopyFilesBuildPhase;
			buildActionMask = 2147483647;
			dstPath = /usr/share/man/man1/;
			dstSubfolderSpec = 0;
			files = (
			);
			runOnlyForDeploymentPostprocessing = 1;
		};
		A7B342D124B768100087B4FD /* CopyFiles */ = {
			isa = PBXCopyFilesBuildPhase;
			buildActionMask = 2147483647;
			dstPath = /usr/share/man/man1/;
			dstSubfolderSpec = 0;
			files = (
			);
			runOnlyForDeploymentPostprocessing = 1;
		};
		A7B342DC24B83AE30087B4FD /* CopyFiles */ = {
			isa = PBXCopyFilesBuildPhase;
			buildActionMask = 2147483647;
			dstPath = /usr/share/man/man1/;
			dstSubfolderSpec = 0;
			files = (
			);
			runOnlyForDeploymentPostprocessing = 1;
		};
		A7B342E724B8481A0087B4FD /* CopyFiles */ = {
			isa = PBXCopyFilesBuildPhase;
			buildActionMask = 2147483647;
			dstPath = /usr/share/man/man1/;
			dstSubfolderSpec = 0;
			files = (
			);
			runOnlyForDeploymentPostprocessing = 1;
		};
		A7B3430824B8562B0087B4FD /* CopyFiles */ = {
			isa = PBXCopyFilesBuildPhase;
			buildActionMask = 2147483647;
			dstPath = /usr/share/man/man1/;
			dstSubfolderSpec = 0;
			files = (
			);
			runOnlyForDeploymentPostprocessing = 1;
		};
		A7B3431724B85A7D0087B4FD /* CopyFiles */ = {
			isa = PBXCopyFilesBuildPhase;
			buildActionMask = 2147483647;
			dstPath = /usr/share/man/man1/;
			dstSubfolderSpec = 0;
			files = (
			);
			runOnlyForDeploymentPostprocessing = 1;
		};
		A7B3432224BC27070087B4FD /* CopyFiles */ = {
			isa = PBXCopyFilesBuildPhase;
			buildActionMask = 2147483647;
			dstPath = /usr/share/man/man1/;
			dstSubfolderSpec = 0;
			files = (
			);
			runOnlyForDeploymentPostprocessing = 1;
		};
		A7B3432D24BC2E9C0087B4FD /* CopyFiles */ = {
			isa = PBXCopyFilesBuildPhase;
			buildActionMask = 2147483647;
			dstPath = /usr/share/man/man1/;
			dstSubfolderSpec = 0;
			files = (
			);
			runOnlyForDeploymentPostprocessing = 1;
		};
/* End PBXCopyFilesBuildPhase section */

/* Begin PBXFileReference section */
		A7B342C524B767440087B4FD /* BaekJoon_C++ */ = {isa = PBXFileReference; explicitFileType = "compiled.mach-o.executable"; includeInIndex = 0; path = "BaekJoon_C++"; sourceTree = BUILT_PRODUCTS_DIR; };
		A7B342C824B767450087B4FD /* main.cpp */ = {isa = PBXFileReference; lastKnownFileType = sourcecode.cpp.cpp; path = main.cpp; sourceTree = "<group>"; };
		A7B342D324B768100087B4FD /* N1316 */ = {isa = PBXFileReference; explicitFileType = "compiled.mach-o.executable"; includeInIndex = 0; path = N1316; sourceTree = BUILT_PRODUCTS_DIR; };
		A7B342D524B768100087B4FD /* main.cpp */ = {isa = PBXFileReference; lastKnownFileType = sourcecode.cpp.cpp; path = main.cpp; sourceTree = "<group>"; };
		A7B342DE24B83AE30087B4FD /* N1712 */ = {isa = PBXFileReference; explicitFileType = "compiled.mach-o.executable"; includeInIndex = 0; path = N1712; sourceTree = BUILT_PRODUCTS_DIR; };
		A7B342E024B83AE40087B4FD /* main.cpp */ = {isa = PBXFileReference; lastKnownFileType = sourcecode.cpp.cpp; path = main.cpp; sourceTree = "<group>"; };
		A7B342E924B8481A0087B4FD /* N2839 */ = {isa = PBXFileReference; explicitFileType = "compiled.mach-o.executable"; includeInIndex = 0; path = N2839; sourceTree = BUILT_PRODUCTS_DIR; };
		A7B342EB24B8481A0087B4FD /* main.cpp */ = {isa = PBXFileReference; lastKnownFileType = sourcecode.cpp.cpp; path = main.cpp; sourceTree = "<group>"; };
		A7B3430A24B8562B0087B4FD /* N2292 */ = {isa = PBXFileReference; explicitFileType = "compiled.mach-o.executable"; includeInIndex = 0; path = N2292; sourceTree = BUILT_PRODUCTS_DIR; };
		A7B3431324B856570087B4FD /* main.cpp */ = {isa = PBXFileReference; lastKnownFileType = sourcecode.cpp.cpp; path = main.cpp; sourceTree = "<group>"; };
		A7B3431924B85A7D0087B4FD /* 1193 */ = {isa = PBXFileReference; explicitFileType = "compiled.mach-o.executable"; includeInIndex = 0; path = 1193; sourceTree = BUILT_PRODUCTS_DIR; };
		A7B3431B24B85A7D0087B4FD /* main.cpp */ = {isa = PBXFileReference; lastKnownFileType = sourcecode.cpp.cpp; path = main.cpp; sourceTree = "<group>"; };
		A7B3432424BC27070087B4FD /* N2869 */ = {isa = PBXFileReference; explicitFileType = "compiled.mach-o.executable"; includeInIndex = 0; path = N2869; sourceTree = BUILT_PRODUCTS_DIR; };
		A7B3432624BC27070087B4FD /* main.cpp */ = {isa = PBXFileReference; lastKnownFileType = sourcecode.cpp.cpp; path = main.cpp; sourceTree = "<group>"; };
		A7B3432F24BC2E9C0087B4FD /* N10250 */ = {isa = PBXFileReference; explicitFileType = "compiled.mach-o.executable"; includeInIndex = 0; path = N10250; sourceTree = BUILT_PRODUCTS_DIR; };
		A7B3433124BC2E9C0087B4FD /* main.cpp */ = {isa = PBXFileReference; lastKnownFileType = sourcecode.cpp.cpp; path = main.cpp; sourceTree = "<group>"; };
/* End PBXFileReference section */

/* Begin PBXFrameworksBuildPhase section */
		A7B342C224B767440087B4FD /* Frameworks */ = {
			isa = PBXFrameworksBuildPhase;
			buildActionMask = 2147483647;
			files = (
			);
			runOnlyForDeploymentPostprocessing = 0;
		};
		A7B342D024B768100087B4FD /* Frameworks */ = {
			isa = PBXFrameworksBuildPhase;
			buildActionMask = 2147483647;
			files = (
			);
			runOnlyForDeploymentPostprocessing = 0;
		};
		A7B342DB24B83AE30087B4FD /* Frameworks */ = {
			isa = PBXFrameworksBuildPhase;
			buildActionMask = 2147483647;
			files = (
			);
			runOnlyForDeploymentPostprocessing = 0;
		};
		A7B342E624B8481A0087B4FD /* Frameworks */ = {
			isa = PBXFrameworksBuildPhase;
			buildActionMask = 2147483647;
			files = (
			);
			runOnlyForDeploymentPostprocessing = 0;
		};
		A7B3430724B8562B0087B4FD /* Frameworks */ = {
			isa = PBXFrameworksBuildPhase;
			buildActionMask = 2147483647;
			files = (
			);
			runOnlyForDeploymentPostprocessing = 0;
		};
		A7B3431624B85A7D0087B4FD /* Frameworks */ = {
			isa = PBXFrameworksBuildPhase;
			buildActionMask = 2147483647;
			files = (
			);
			runOnlyForDeploymentPostprocessing = 0;
		};
		A7B3432124BC27070087B4FD /* Frameworks */ = {
			isa = PBXFrameworksBuildPhase;
			buildActionMask = 2147483647;
			files = (
			);
			runOnlyForDeploymentPostprocessing = 0;
		};
		A7B3432C24BC2E9C0087B4FD /* Frameworks */ = {
			isa = PBXFrameworksBuildPhase;
			buildActionMask = 2147483647;
			files = (
			);
			runOnlyForDeploymentPostprocessing = 0;
		};
/* End PBXFrameworksBuildPhase section */

/* Begin PBXGroup section */
		A7B342BC24B767440087B4FD = {
			isa = PBXGroup;
			children = (
				A7B342C724B767440087B4FD /* BaekJoon_C++ */,
				A7B342D424B768100087B4FD /* N1316 */,
				A7B342DF24B83AE40087B4FD /* N1712 */,
				A7B342EA24B8481A0087B4FD /* N2839 */,
				A7B3430B24B8562B0087B4FD /* N2292 */,
				A7B3431A24B85A7D0087B4FD /* 1193 */,
				A7B3432524BC27070087B4FD /* N2869 */,
				A7B3433024BC2E9C0087B4FD /* N10250 */,
				A7B342C624B767440087B4FD /* Products */,
			);
			sourceTree = "<group>";
		};
		A7B342C624B767440087B4FD /* Products */ = {
			isa = PBXGroup;
			children = (
				A7B342C524B767440087B4FD /* BaekJoon_C++ */,
				A7B342D324B768100087B4FD /* N1316 */,
				A7B342DE24B83AE30087B4FD /* N1712 */,
				A7B342E924B8481A0087B4FD /* N2839 */,
				A7B3430A24B8562B0087B4FD /* N2292 */,
				A7B3431924B85A7D0087B4FD /* 1193 */,
				A7B3432424BC27070087B4FD /* N2869 */,
				A7B3432F24BC2E9C0087B4FD /* N10250 */,
			);
			name = Products;
			sourceTree = "<group>";
		};
		A7B342C724B767440087B4FD /* BaekJoon_C++ */ = {
			isa = PBXGroup;
			children = (
				A7B342C824B767450087B4FD /* main.cpp */,
			);
			path = "BaekJoon_C++";
			sourceTree = "<group>";
		};
		A7B342D424B768100087B4FD /* N1316 */ = {
			isa = PBXGroup;
			children = (
				A7B342D524B768100087B4FD /* main.cpp */,
			);
			path = N1316;
			sourceTree = "<group>";
		};
		A7B342DF24B83AE40087B4FD /* N1712 */ = {
			isa = PBXGroup;
			children = (
				A7B342E024B83AE40087B4FD /* main.cpp */,
			);
			path = N1712;
			sourceTree = "<group>";
		};
		A7B342EA24B8481A0087B4FD /* N2839 */ = {
			isa = PBXGroup;
			children = (
				A7B342EB24B8481A0087B4FD /* main.cpp */,
			);
			path = N2839;
			sourceTree = "<group>";
		};
		A7B3430B24B8562B0087B4FD /* N2292 */ = {
			isa = PBXGroup;
			children = (
				A7B3431324B856570087B4FD /* main.cpp */,
			);
			path = N2292;
			sourceTree = "<group>";
		};
		A7B3431A24B85A7D0087B4FD /* 1193 */ = {
			isa = PBXGroup;
			children = (
				A7B3431B24B85A7D0087B4FD /* main.cpp */,
			);
			path = 1193;
			sourceTree = "<group>";
		};
		A7B3432524BC27070087B4FD /* N2869 */ = {
			isa = PBXGroup;
			children = (
				A7B3432624BC27070087B4FD /* main.cpp */,
			);
			path = N2869;
			sourceTree = "<group>";
		};
		A7B3433024BC2E9C0087B4FD /* N10250 */ = {
			isa = PBXGroup;
			children = (
				A7B3433124BC2E9C0087B4FD /* main.cpp */,
			);
			path = N10250;
			sourceTree = "<group>";
		};
/* End PBXGroup section */

/* Begin PBXNativeTarget section */
		A7B342C424B767440087B4FD /* BaekJoon_C++ */ = {
			isa = PBXNativeTarget;
			buildConfigurationList = A7B342CC24B767450087B4FD /* Build configuration list for PBXNativeTarget "BaekJoon_C++" */;
			buildPhases = (
				A7B342C124B767440087B4FD /* Sources */,
				A7B342C224B767440087B4FD /* Frameworks */,
				A7B342C324B767440087B4FD /* CopyFiles */,
			);
			buildRules = (
			);
			dependencies = (
			);
			name = "BaekJoon_C++";
			productName = "BaekJoon_C++";
			productReference = A7B342C524B767440087B4FD /* BaekJoon_C++ */;
			productType = "com.apple.product-type.tool";
		};
		A7B342D224B768100087B4FD /* N1316 */ = {
			isa = PBXNativeTarget;
			buildConfigurationList = A7B342D724B768100087B4FD /* Build configuration list for PBXNativeTarget "N1316" */;
			buildPhases = (
				A7B342CF24B768100087B4FD /* Sources */,
				A7B342D024B768100087B4FD /* Frameworks */,
				A7B342D124B768100087B4FD /* CopyFiles */,
			);
			buildRules = (
			);
			dependencies = (
			);
			name = N1316;
			productName = N1316;
			productReference = A7B342D324B768100087B4FD /* N1316 */;
			productType = "com.apple.product-type.tool";
		};
		A7B342DD24B83AE30087B4FD /* N1712 */ = {
			isa = PBXNativeTarget;
			buildConfigurationList = A7B342E224B83AE40087B4FD /* Build configuration list for PBXNativeTarget "N1712" */;
			buildPhases = (
				A7B342DA24B83AE30087B4FD /* Sources */,
				A7B342DB24B83AE30087B4FD /* Frameworks */,
				A7B342DC24B83AE30087B4FD /* CopyFiles */,
			);
			buildRules = (
			);
			dependencies = (
			);
			name = N1712;
			productName = N1712;
			productReference = A7B342DE24B83AE30087B4FD /* N1712 */;
			productType = "com.apple.product-type.tool";
		};
		A7B342E824B8481A0087B4FD /* N2839 */ = {
			isa = PBXNativeTarget;
			buildConfigurationList = A7B342ED24B8481A0087B4FD /* Build configuration list for PBXNativeTarget "N2839" */;
			buildPhases = (
				A7B342E524B8481A0087B4FD /* Sources */,
				A7B342E624B8481A0087B4FD /* Frameworks */,
				A7B342E724B8481A0087B4FD /* CopyFiles */,
			);
			buildRules = (
			);
			dependencies = (
			);
			name = N2839;
			productName = N2839;
			productReference = A7B342E924B8481A0087B4FD /* N2839 */;
			productType = "com.apple.product-type.tool";
		};
		A7B3430924B8562B0087B4FD /* N2292 */ = {
			isa = PBXNativeTarget;
			buildConfigurationList = A7B3430E24B8562B0087B4FD /* Build configuration list for PBXNativeTarget "N2292" */;
			buildPhases = (
				A7B3430624B8562B0087B4FD /* Sources */,
				A7B3430724B8562B0087B4FD /* Frameworks */,
				A7B3430824B8562B0087B4FD /* CopyFiles */,
			);
			buildRules = (
			);
			dependencies = (
			);
			name = N2292;
			productName = N2292;
			productReference = A7B3430A24B8562B0087B4FD /* N2292 */;
			productType = "com.apple.product-type.tool";
		};
		A7B3431824B85A7D0087B4FD /* 1193 */ = {
			isa = PBXNativeTarget;
			buildConfigurationList = A7B3431D24B85A7D0087B4FD /* Build configuration list for PBXNativeTarget "1193" */;
			buildPhases = (
				A7B3431524B85A7D0087B4FD /* Sources */,
				A7B3431624B85A7D0087B4FD /* Frameworks */,
				A7B3431724B85A7D0087B4FD /* CopyFiles */,
			);
			buildRules = (
			);
			dependencies = (
			);
			name = 1193;
			productName = 1193;
			productReference = A7B3431924B85A7D0087B4FD /* 1193 */;
			productType = "com.apple.product-type.tool";
		};
		A7B3432324BC27070087B4FD /* N2869 */ = {
			isa = PBXNativeTarget;
			buildConfigurationList = A7B3432824BC27070087B4FD /* Build configuration list for PBXNativeTarget "N2869" */;
			buildPhases = (
				A7B3432024BC27070087B4FD /* Sources */,
				A7B3432124BC27070087B4FD /* Frameworks */,
				A7B3432224BC27070087B4FD /* CopyFiles */,
			);
			buildRules = (
			);
			dependencies = (
			);
			name = N2869;
			productName = N2869;
			productReference = A7B3432424BC27070087B4FD /* N2869 */;
			productType = "com.apple.product-type.tool";
		};
		A7B3432E24BC2E9C0087B4FD /* N10250 */ = {
			isa = PBXNativeTarget;
			buildConfigurationList = A7B3433324BC2E9C0087B4FD /* Build configuration list for PBXNativeTarget "N10250" */;
			buildPhases = (
				A7B3432B24BC2E9C0087B4FD /* Sources */,
				A7B3432C24BC2E9C0087B4FD /* Frameworks */,
				A7B3432D24BC2E9C0087B4FD /* CopyFiles */,
			);
			buildRules = (
			);
			dependencies = (
			);
			name = N10250;
			productName = N10250;
			productReference = A7B3432F24BC2E9C0087B4FD /* N10250 */;
			productType = "com.apple.product-type.tool";
		};
/* End PBXNativeTarget section */

/* Begin PBXProject section */
		A7B342BD24B767440087B4FD /* Project object */ = {
			isa = PBXProject;
			attributes = {
				LastUpgradeCheck = 1150;
				ORGANIZATIONNAME = "James Choi";
				TargetAttributes = {
					A7B342C424B767440087B4FD = {
						CreatedOnToolsVersion = 11.5;
					};
					A7B342D224B768100087B4FD = {
						CreatedOnToolsVersion = 11.5;
					};
					A7B342DD24B83AE30087B4FD = {
						CreatedOnToolsVersion = 11.5;
					};
					A7B342E824B8481A0087B4FD = {
						CreatedOnToolsVersion = 11.5;
					};
					A7B3430924B8562B0087B4FD = {
						CreatedOnToolsVersion = 11.5;
					};
					A7B3431824B85A7D0087B4FD = {
						CreatedOnToolsVersion = 11.5;
					};
					A7B3432324BC27070087B4FD = {
						CreatedOnToolsVersion = 11.5;
					};
					A7B3432E24BC2E9C0087B4FD = {
						CreatedOnToolsVersion = 11.5;
					};
				};
			};
			buildConfigurationList = A7B342C024B767440087B4FD /* Build configuration list for PBXProject "BaekJoon_C++" */;
			compatibilityVersion = "Xcode 9.3";
			developmentRegion = en;
			hasScannedForEncodings = 0;
			knownRegions = (
				en,
				Base,
			);
			mainGroup = A7B342BC24B767440087B4FD;
			productRefGroup = A7B342C624B767440087B4FD /* Products */;
			projectDirPath = "";
			projectRoot = "";
			targets = (
				A7B342C424B767440087B4FD /* BaekJoon_C++ */,
				A7B342D224B768100087B4FD /* N1316 */,
				A7B342DD24B83AE30087B4FD /* N1712 */,
				A7B342E824B8481A0087B4FD /* N2839 */,
				A7B3430924B8562B0087B4FD /* N2292 */,
				A7B3431824B85A7D0087B4FD /* 1193 */,
				A7B3432324BC27070087B4FD /* N2869 */,
				A7B3432E24BC2E9C0087B4FD /* N10250 */,
			);
		};
/* End PBXProject section */

/* Begin PBXSourcesBuildPhase section */
		A7B342C124B767440087B4FD /* Sources */ = {
			isa = PBXSourcesBuildPhase;
			buildActionMask = 2147483647;
			files = (
				A7B342C924B767450087B4FD /* main.cpp in Sources */,
			);
			runOnlyForDeploymentPostprocessing = 0;
		};
		A7B342CF24B768100087B4FD /* Sources */ = {
			isa = PBXSourcesBuildPhase;
			buildActionMask = 2147483647;
			files = (
				A7B342D624B768100087B4FD /* main.cpp in Sources */,
			);
			runOnlyForDeploymentPostprocessing = 0;
		};
		A7B342DA24B83AE30087B4FD /* Sources */ = {
			isa = PBXSourcesBuildPhase;
			buildActionMask = 2147483647;
			files = (
				A7B342E124B83AE40087B4FD /* main.cpp in Sources */,
			);
			runOnlyForDeploymentPostprocessing = 0;
		};
		A7B342E524B8481A0087B4FD /* Sources */ = {
			isa = PBXSourcesBuildPhase;
			buildActionMask = 2147483647;
			files = (
				A7B342EC24B8481A0087B4FD /* main.cpp in Sources */,
			);
			runOnlyForDeploymentPostprocessing = 0;
		};
		A7B3430624B8562B0087B4FD /* Sources */ = {
			isa = PBXSourcesBuildPhase;
			buildActionMask = 2147483647;
			files = (
				A7B3431424B856570087B4FD /* main.cpp in Sources */,
			);
			runOnlyForDeploymentPostprocessing = 0;
		};
		A7B3431524B85A7D0087B4FD /* Sources */ = {
			isa = PBXSourcesBuildPhase;
			buildActionMask = 2147483647;
			files = (
				A7B3431C24B85A7D0087B4FD /* main.cpp in Sources */,
			);
			runOnlyForDeploymentPostprocessing = 0;
		};
		A7B3432024BC27070087B4FD /* Sources */ = {
			isa = PBXSourcesBuildPhase;
			buildActionMask = 2147483647;
			files = (
				A7B3432724BC27070087B4FD /* main.cpp in Sources */,
			);
			runOnlyForDeploymentPostprocessing = 0;
		};
		A7B3432B24BC2E9C0087B4FD /* Sources */ = {
			isa = PBXSourcesBuildPhase;
			buildActionMask = 2147483647;
			files = (
				A7B3433224BC2E9C0087B4FD /* main.cpp in Sources */,
			);
			runOnlyForDeploymentPostprocessing = 0;
		};
/* End PBXSourcesBuildPhase section */

/* Begin XCBuildConfiguration section */
		A7B342CA24B767450087B4FD /* Debug */ = {
			isa = XCBuildConfiguration;
			buildSettings = {
				ALWAYS_SEARCH_USER_PATHS = NO;
				CLANG_ANALYZER_NONNULL = YES;
				CLANG_ANALYZER_NUMBER_OBJECT_CONVERSION = YES_AGGRESSIVE;
				CLANG_CXX_LANGUAGE_STANDARD = "gnu++14";
				CLANG_CXX_LIBRARY = "libc++";
				CLANG_ENABLE_MODULES = YES;
				CLANG_ENABLE_OBJC_ARC = YES;
				CLANG_ENABLE_OBJC_WEAK = YES;
				CLANG_WARN_BLOCK_CAPTURE_AUTORELEASING = YES;
				CLANG_WARN_BOOL_CONVERSION = YES;
				CLANG_WARN_COMMA = YES;
				CLANG_WARN_CONSTANT_CONVERSION = YES;
				CLANG_WARN_DEPRECATED_OBJC_IMPLEMENTATIONS = YES;
				CLANG_WARN_DIRECT_OBJC_ISA_USAGE = YES_ERROR;
				CLANG_WARN_DOCUMENTATION_COMMENTS = YES;
				CLANG_WARN_EMPTY_BODY = YES;
				CLANG_WARN_ENUM_CONVERSION = YES;
				CLANG_WARN_INFINITE_RECURSION = YES;
				CLANG_WARN_INT_CONVERSION = YES;
				CLANG_WARN_NON_LITERAL_NULL_CONVERSION = YES;
				CLANG_WARN_OBJC_IMPLICIT_RETAIN_SELF = YES;
				CLANG_WARN_OBJC_LITERAL_CONVERSION = YES;
				CLANG_WARN_OBJC_ROOT_CLASS = YES_ERROR;
				CLANG_WARN_RANGE_LOOP_ANALYSIS = YES;
				CLANG_WARN_STRICT_PROTOTYPES = YES;
				CLANG_WARN_SUSPICIOUS_MOVE = YES;
				CLANG_WARN_UNGUARDED_AVAILABILITY = YES_AGGRESSIVE;
				CLANG_WARN_UNREACHABLE_CODE = YES;
				CLANG_WARN__DUPLICATE_METHOD_MATCH = YES;
				COPY_PHASE_STRIP = NO;
				DEBUG_INFORMATION_FORMAT = dwarf;
				ENABLE_STRICT_OBJC_MSGSEND = YES;
				ENABLE_TESTABILITY = YES;
				GCC_C_LANGUAGE_STANDARD = gnu11;
				GCC_DYNAMIC_NO_PIC = NO;
				GCC_NO_COMMON_BLOCKS = YES;
				GCC_OPTIMIZATION_LEVEL = 0;
				GCC_PREPROCESSOR_DEFINITIONS = (
					"DEBUG=1",
					"$(inherited)",
				);
				GCC_WARN_64_TO_32_BIT_CONVERSION = YES;
				GCC_WARN_ABOUT_RETURN_TYPE = YES_ERROR;
				GCC_WARN_UNDECLARED_SELECTOR = YES;
				GCC_WARN_UNINITIALIZED_AUTOS = YES_AGGRESSIVE;
				GCC_WARN_UNUSED_FUNCTION = YES;
				GCC_WARN_UNUSED_VARIABLE = YES;
				MACOSX_DEPLOYMENT_TARGET = 10.15;
				MTL_ENABLE_DEBUG_INFO = INCLUDE_SOURCE;
				MTL_FAST_MATH = YES;
				ONLY_ACTIVE_ARCH = YES;
				SDKROOT = macosx;
			};
			name = Debug;
		};
		A7B342CB24B767450087B4FD /* Release */ = {
			isa = XCBuildConfiguration;
			buildSettings = {
				ALWAYS_SEARCH_USER_PATHS = NO;
				CLANG_ANALYZER_NONNULL = YES;
				CLANG_ANALYZER_NUMBER_OBJECT_CONVERSION = YES_AGGRESSIVE;
				CLANG_CXX_LANGUAGE_STANDARD = "gnu++14";
				CLANG_CXX_LIBRARY = "libc++";
				CLANG_ENABLE_MODULES = YES;
				CLANG_ENABLE_OBJC_ARC = YES;
				CLANG_ENABLE_OBJC_WEAK = YES;
				CLANG_WARN_BLOCK_CAPTURE_AUTORELEASING = YES;
				CLANG_WARN_BOOL_CONVERSION = YES;
				CLANG_WARN_COMMA = YES;
				CLANG_WARN_CONSTANT_CONVERSION = YES;
				CLANG_WARN_DEPRECATED_OBJC_IMPLEMENTATIONS = YES;
				CLANG_WARN_DIRECT_OBJC_ISA_USAGE = YES_ERROR;
				CLANG_WARN_DOCUMENTATION_COMMENTS = YES;
				CLANG_WARN_EMPTY_BODY = YES;
				CLANG_WARN_ENUM_CONVERSION = YES;
				CLANG_WARN_INFINITE_RECURSION = YES;
				CLANG_WARN_INT_CONVERSION = YES;
				CLANG_WARN_NON_LITERAL_NULL_CONVERSION = YES;
				CLANG_WARN_OBJC_IMPLICIT_RETAIN_SELF = YES;
				CLANG_WARN_OBJC_LITERAL_CONVERSION = YES;
				CLANG_WARN_OBJC_ROOT_CLASS = YES_ERROR;
				CLANG_WARN_RANGE_LOOP_ANALYSIS = YES;
				CLANG_WARN_STRICT_PROTOTYPES = YES;
				CLANG_WARN_SUSPICIOUS_MOVE = YES;
				CLANG_WARN_UNGUARDED_AVAILABILITY = YES_AGGRESSIVE;
				CLANG_WARN_UNREACHABLE_CODE = YES;
				CLANG_WARN__DUPLICATE_METHOD_MATCH = YES;
				COPY_PHASE_STRIP = NO;
				DEBUG_INFORMATION_FORMAT = "dwarf-with-dsym";
				ENABLE_NS_ASSERTIONS = NO;
				ENABLE_STRICT_OBJC_MSGSEND = YES;
				GCC_C_LANGUAGE_STANDARD = gnu11;
				GCC_NO_COMMON_BLOCKS = YES;
				GCC_WARN_64_TO_32_BIT_CONVERSION = YES;
				GCC_WARN_ABOUT_RETURN_TYPE = YES_ERROR;
				GCC_WARN_UNDECLARED_SELECTOR = YES;
				GCC_WARN_UNINITIALIZED_AUTOS = YES_AGGRESSIVE;
				GCC_WARN_UNUSED_FUNCTION = YES;
				GCC_WARN_UNUSED_VARIABLE = YES;
				MACOSX_DEPLOYMENT_TARGET = 10.15;
				MTL_ENABLE_DEBUG_INFO = NO;
				MTL_FAST_MATH = YES;
				SDKROOT = macosx;
			};
			name = Release;
		};
		A7B342CD24B767450087B4FD /* Debug */ = {
			isa = XCBuildConfiguration;
			buildSettings = {
				CODE_SIGN_STYLE = Automatic;
				PRODUCT_NAME = "$(TARGET_NAME)";
			};
			name = Debug;
		};
		A7B342CE24B767450087B4FD /* Release */ = {
			isa = XCBuildConfiguration;
			buildSettings = {
				CODE_SIGN_STYLE = Automatic;
				PRODUCT_NAME = "$(TARGET_NAME)";
			};
			name = Release;
		};
		A7B342D824B768100087B4FD /* Debug */ = {
			isa = XCBuildConfiguration;
			buildSettings = {
				CODE_SIGN_STYLE = Automatic;
				PRODUCT_NAME = "$(TARGET_NAME)";
			};
			name = Debug;
		};
		A7B342D924B768100087B4FD /* Release */ = {
			isa = XCBuildConfiguration;
			buildSettings = {
				CODE_SIGN_STYLE = Automatic;
				PRODUCT_NAME = "$(TARGET_NAME)";
			};
			name = Release;
		};
		A7B342E324B83AE40087B4FD /* Debug */ = {
			isa = XCBuildConfiguration;
			buildSettings = {
				CODE_SIGN_STYLE = Automatic;
				PRODUCT_NAME = "$(TARGET_NAME)";
			};
			name = Debug;
		};
		A7B342E424B83AE40087B4FD /* Release */ = {
			isa = XCBuildConfiguration;
			buildSettings = {
				CODE_SIGN_STYLE = Automatic;
				PRODUCT_NAME = "$(TARGET_NAME)";
			};
			name = Release;
		};
		A7B342EE24B8481A0087B4FD /* Debug */ = {
			isa = XCBuildConfiguration;
			buildSettings = {
				CODE_SIGN_STYLE = Automatic;
				PRODUCT_NAME = "$(TARGET_NAME)";
			};
			name = Debug;
		};
		A7B342EF24B8481A0087B4FD /* Release */ = {
			isa = XCBuildConfiguration;
			buildSettings = {
				CODE_SIGN_STYLE = Automatic;
				PRODUCT_NAME = "$(TARGET_NAME)";
			};
			name = Release;
		};
		A7B3430F24B8562B0087B4FD /* Debug */ = {
			isa = XCBuildConfiguration;
			buildSettings = {
				CODE_SIGN_STYLE = Automatic;
				PRODUCT_NAME = "$(TARGET_NAME)";
			};
			name = Debug;
		};
		A7B3431024B8562B0087B4FD /* Release */ = {
			isa = XCBuildConfiguration;
			buildSettings = {
				CODE_SIGN_STYLE = Automatic;
				PRODUCT_NAME = "$(TARGET_NAME)";
			};
			name = Release;
		};
		A7B3431E24B85A7D0087B4FD /* Debug */ = {
			isa = XCBuildConfiguration;
			buildSettings = {
				CODE_SIGN_STYLE = Automatic;
				PRODUCT_NAME = "$(TARGET_NAME)";
			};
			name = Debug;
		};
		A7B3431F24B85A7D0087B4FD /* Release */ = {
			isa = XCBuildConfiguration;
			buildSettings = {
				CODE_SIGN_STYLE = Automatic;
				PRODUCT_NAME = "$(TARGET_NAME)";
			};
			name = Release;
		};
		A7B3432924BC27070087B4FD /* Debug */ = {
			isa = XCBuildConfiguration;
			buildSettings = {
				CODE_SIGN_STYLE = Automatic;
				PRODUCT_NAME = "$(TARGET_NAME)";
			};
			name = Debug;
		};
		A7B3432A24BC27070087B4FD /* Release */ = {
			isa = XCBuildConfiguration;
			buildSettings = {
				CODE_SIGN_STYLE = Automatic;
				PRODUCT_NAME = "$(TARGET_NAME)";
			};
			name = Release;
		};
		A7B3433424BC2E9C0087B4FD /* Debug */ = {
			isa = XCBuildConfiguration;
			buildSettings = {
				CODE_SIGN_STYLE = Automatic;
				PRODUCT_NAME = "$(TARGET_NAME)";
			};
			name = Debug;
		};
		A7B3433524BC2E9C0087B4FD /* Release */ = {
			isa = XCBuildConfiguration;
			buildSettings = {
				CODE_SIGN_STYLE = Automatic;
				PRODUCT_NAME = "$(TARGET_NAME)";
			};
			name = Release;
		};
/* End XCBuildConfiguration section */

/* Begin XCConfigurationList section */
		A7B342C024B767440087B4FD /* Build configuration list for PBXProject "BaekJoon_C++" */ = {
			isa = XCConfigurationList;
			buildConfigurations = (
				A7B342CA24B767450087B4FD /* Debug */,
				A7B342CB24B767450087B4FD /* Release */,
			);
			defaultConfigurationIsVisible = 0;
			defaultConfigurationName = Release;
		};
		A7B342CC24B767450087B4FD /* Build configuration list for PBXNativeTarget "BaekJoon_C++" */ = {
			isa = XCConfigurationList;
			buildConfigurations = (
				A7B342CD24B767450087B4FD /* Debug */,
				A7B342CE24B767450087B4FD /* Release */,
			);
			defaultConfigurationIsVisible = 0;
			defaultConfigurationName = Release;
		};
		A7B342D724B768100087B4FD /* Build configuration list for PBXNativeTarget "N1316" */ = {
			isa = XCConfigurationList;
			buildConfigurations = (
				A7B342D824B768100087B4FD /* Debug */,
				A7B342D924B768100087B4FD /* Release */,
			);
			defaultConfigurationIsVisible = 0;
			defaultConfigurationName = Release;
		};
		A7B342E224B83AE40087B4FD /* Build configuration list for PBXNativeTarget "N1712" */ = {
			isa = XCConfigurationList;
			buildConfigurations = (
				A7B342E324B83AE40087B4FD /* Debug */,
				A7B342E424B83AE40087B4FD /* Release */,
			);
			defaultConfigurationIsVisible = 0;
			defaultConfigurationName = Release;
		};
		A7B342ED24B8481A0087B4FD /* Build configuration list for PBXNativeTarget "N2839" */ = {
			isa = XCConfigurationList;
			buildConfigurations = (
				A7B342EE24B8481A0087B4FD /* Debug */,
				A7B342EF24B8481A0087B4FD /* Release */,
			);
			defaultConfigurationIsVisible = 0;
			defaultConfigurationName = Release;
		};
		A7B3430E24B8562B0087B4FD /* Build configuration list for PBXNativeTarget "N2292" */ = {
			isa = XCConfigurationList;
			buildConfigurations = (
				A7B3430F24B8562B0087B4FD /* Debug */,
				A7B3431024B8562B0087B4FD /* Release */,
			);
			defaultConfigurationIsVisible = 0;
			defaultConfigurationName = Release;
		};
		A7B3431D24B85A7D0087B4FD /* Build configuration list for PBXNativeTarget "1193" */ = {
			isa = XCConfigurationList;
			buildConfigurations = (
				A7B3431E24B85A7D0087B4FD /* Debug */,
				A7B3431F24B85A7D0087B4FD /* Release */,
			);
			defaultConfigurationIsVisible = 0;
			defaultConfigurationName = Release;
		};
		A7B3432824BC27070087B4FD /* Build configuration list for PBXNativeTarget "N2869" */ = {
			isa = XCConfigurationList;
			buildConfigurations = (
				A7B3432924BC27070087B4FD /* Debug */,
				A7B3432A24BC27070087B4FD /* Release */,
			);
			defaultConfigurationIsVisible = 0;
			defaultConfigurationName = Release;
		};
		A7B3433324BC2E9C0087B4FD /* Build configuration list for PBXNativeTarget "N10250" */ = {
			isa = XCConfigurationList;
			buildConfigurations = (
				A7B3433424BC2E9C0087B4FD /* Debug */,
				A7B3433524BC2E9C0087B4FD /* Release */,
			);
			defaultConfigurationIsVisible = 0;
			defaultConfigurationName = Release;
		};
/* End XCConfigurationList section */
	};
	rootObject = A7B342BD24B767440087B4FD /* Project object */;
}
